
Microsoft Visual Studio Solution File, Format Version 12.00
# Visual Studio Version 17
VisualStudioVersion = 17.11.35327.3
MinimumVisualStudioVersion = 10.0.40219.1
Project("{FAE04EC0-301F-11D3-BF4B-00C04F79EFBC}") = "ClockHandsAngle", "ClockHandsAngle\ClockHandsAngle.csproj", "{17606206-F14C-4F5B-856D-25F319CF4D8D}"
EndProject
Global
	GlobalSection(SolutionConfigurationPlatforms) = preSolution
		Debug|Any CPU = Debug|Any CPU
		Release|Any CPU = Release|Any CPU
	EndGlobalSection
	GlobalSection(ProjectConfigurationPlatforms) = postSolution
		{17606206-F14C-4F5B-856D-25F319CF4D8D}.Debug|Any CPU.ActiveCfg = Debug|Any CPU
		{17606206-F14C-4F5B-856D-25F319CF4D8D}.Debug|Any CPU.Build.0 = Debug|Any CPU
		{17606206-F14C-4F5B-856D-25F319CF4D8D}.Release|Any CPU.ActiveCfg = Release|Any CPU
		{17606206-F14C-4F5B-856D-25F319CF4D8D}.Release|Any CPU.Build.0 = Release|Any CPU
	EndGlobalSection
	GlobalSection(SolutionProperties) = preSolution
		HideSolutionNode = FALSE
	EndGlobalSection
	GlobalSection(ExtensibilityGlobals) = postSolution
		SolutionGuid = {C168C845-1CFE-4E59-9D78-DB719479BC2A}
	EndGlobalSection
EndGlobal
